
Microsoft Visual Studio Solution File, Format Version 12.00
# Visual Studio 2012
Project("{FAE04EC0-301F-11D3-BF4B-00C04F79EFBC}") = "KilometriNopeus", "KilometriNopeus\KilometriNopeus.csproj", "{B0E2293B-7682-4E59-82F3-CF57FC6A6C95}"
EndProject
Project("{FAE04EC0-301F-11D3-BF4B-00C04F79EFBC}") = "Treeni", "Treeni\Treeni.csproj", "{153891F1-C3BA-4D8F-96BB-546FC96E5DEB}"
EndProject
Global
	GlobalSection(SolutionConfigurationPlatforms) = preSolution
		Debug|Any CPU = Debug|Any CPU
		Release|Any CPU = Release|Any CPU
	EndGlobalSection
	GlobalSection(ProjectConfigurationPlatforms) = postSolution
		{B0E2293B-7682-4E59-82F3-CF57FC6A6C95}.Debug|Any CPU.ActiveCfg = Debug|Any CPU
		{B0E2293B-7682-4E59-82F3-CF57FC6A6C95}.Debug|Any CPU.Build.0 = Debug|Any CPU
		{B0E2293B-7682-4E59-82F3-CF57FC6A6C95}.Release|Any CPU.ActiveCfg = Release|Any CPU
		{B0E2293B-7682-4E59-82F3-CF57FC6A6C95}.Release|Any CPU.Build.0 = Release|Any CPU
		{153891F1-C3BA-4D8F-96BB-546FC96E5DEB}.Debug|Any CPU.ActiveCfg = Debug|Any CPU
		{153891F1-C3BA-4D8F-96BB-546FC96E5DEB}.Debug|Any CPU.Build.0 = Debug|Any CPU
		{153891F1-C3BA-4D8F-96BB-546FC96E5DEB}.Release|Any CPU.ActiveCfg = Release|Any CPU
		{153891F1-C3BA-4D8F-96BB-546FC96E5DEB}.Release|Any CPU.Build.0 = Release|Any CPU
	EndGlobalSection
	GlobalSection(SolutionProperties) = preSolution
		HideSolutionNode = FALSE
	EndGlobalSection
EndGlobal
